github.com/rkolesnichenko/rpsl/ast v0.25.0 h1:vP91OIeZmHRK4KgZPjOYKofVRPyugm1zvxCtXk88WK4=
github.com/rkolesnichenko/rpsl/ast v0.25.0/go.mod h1:xZLV4ziFHgdi/T5k2XcmZppgBrYrsARhr19kV4a3M/o=
github.com/rkolesnichenko/rpsl/lexer v0.25.0 h1:2fxf5BI7QoOKKBbiZkYJI9dHyEB52qkVfpks8ddxtXI=
github.com/rkolesnichenko/rpsl/lexer v0.25.0/go.mod h1:CT69LP6IwqlueH0c4Daf+YRsU3Zasr/p6L3HXibqZnU=
github.com/rkolesnichenko/rpsl/types v0.25.0 h1:2sqzVXjuZT5PXulJjX92HBILGbBXX8AoSInD6GJuIjA=
github.com/rkolesnichenko/rpsl/types v0.25.0/go.mod h1:4c3Mt/dWh5PeMcvWU/ydQgjVq90QHfL6Lf/g+w3rNSA=
