github.com/rkolesnichenko/rpsl v0.12.0 h1:wY7pPfYINC4/hbn8JVnybPI2ex7yJUh84fGz8xf+QXw=
github.com/rkolesnichenko/rpsl v0.12.0/go.mod h1:xxsdvxcJNbtTyEhrrQXtQoNgQrocDeFtj8PqAfe6QEA=
github.com/rkolesnichenko/rpsl/ast v0.12.0 h1:GnMeQXtl5YiNHTdZRTVwJ04AXBroullLdH4SH8Bo+10=
github.com/rkolesnichenko/rpsl/ast v0.12.0/go.mod h1:sqiFFeSr5SJcTlN3SSQIalkN9illDTnNeiJ7hZdz1OI=
github.com/rkolesnichenko/rpsl/lexer v0.12.0 h1:p40OlWHvR8LdfuWdL1o4M53Evu2g6/+4Kl/Y4MzSl3M=
github.com/rkolesnichenko/rpsl/lexer v0.12.0/go.mod h1:CT69LP6IwqlueH0c4Daf+YRsU3Zasr/p6L3HXibqZnU=
github.com/rkolesnichenko/rpsl/resolve v0.12.0 h1:c7fZu+fLHPV55jV+svBLMuMAMihf4UkmiLP4H6NjPzw=
github.com/rkolesnichenko/rpsl/resolve v0.12.0/go.mod h1:cbwHF8TS7C42GfWEgymChLU2X5cibFZQmbpdenkwcZ8=
github.com/rkolesnichenko/rpsl/types v0.12.0 h1:jMrcOX6vMCJ+tetH8XPk/V3JvJN9MJaCOOpQ1rKiyCQ=
github.com/rkolesnichenko/rpsl/types v0.12.0/go.mod h1:4c3Mt/dWh5PeMcvWU/ydQgjVq90QHfL6Lf/g+w3rNSA=
