github.com/rkolesnichenko/rpsl v0.4.0 h1:hG8IdWoSaPxA04OoAGXpjhKz4qyXr8beViMUlCeUh7k=
github.com/rkolesnichenko/rpsl v0.4.0/go.mod h1:1PSXfy4SdyQDsMfbxTdVS+aQYVOdweNw6TGhdzRxaaM=
github.com/rkolesnichenko/rpsl/ast v0.4.0 h1:+IbFnihonOtmtCrICL0CDwgMKM76F0KtT4DXAzvo7Zo=
github.com/rkolesnichenko/rpsl/ast v0.4.0/go.mod h1:a75jjP/PEEj9QpqSk078cPdr038MebE6OIUVLROY2Vk=
github.com/rkolesnichenko/rpsl/lexer v0.4.0 h1:VddCCUhEZ3rRRbnBSsb86CyAYNSHc58xJAim+muHA4w=
github.com/rkolesnichenko/rpsl/lexer v0.4.0/go.mod h1:CT69LP6IwqlueH0c4Daf+YRsU3Zasr/p6L3HXibqZnU=
github.com/rkolesnichenko/rpsl/resolve v0.4.0 h1:XByQe7T2UQ6fuqp/10jGhhjMeLJXL9Y7bTnacL8d4hU=
github.com/rkolesnichenko/rpsl/resolve v0.4.0/go.mod h1:Waeat3xzkJFLEKJCUcusVAgnaWl9lIc0l6djMEPyvNw=
github.com/rkolesnichenko/rpsl/types v0.4.0 h1:Vq6mlT4CU4zVcIPGpxS65z9MY1vXg7R5Vw3eSS6cokU=
github.com/rkolesnichenko/rpsl/types v0.4.0/go.mod h1:4c3Mt/dWh5PeMcvWU/ydQgjVq90QHfL6Lf/g+w3rNSA=
