github.com/rkolesnichenko/rpsl v0.18.0 h1:ERrLoj0EzWveJ2NXdAynlWtRFTrVzcchQkOerHKXyCA=
github.com/rkolesnichenko/rpsl v0.18.0/go.mod h1:G8Pq3QRIHKBdQyKkdxSV9mtyDfpMXn8APXCRGH1kxYw=
github.com/rkolesnichenko/rpsl/ast v0.18.0 h1:ql8as5W590aEwi8W35inR91ninZo0WPIzNvTVZ4WhEI=
github.com/rkolesnichenko/rpsl/ast v0.18.0/go.mod h1:ganNNBAD7Xr/K1GD9rwa8ZjTNrtqrD9C9Rcrj+I3TAk=
github.com/rkolesnichenko/rpsl/lexer v0.18.0 h1:qqoGPAUtuDCaVIqIevB1qlcK6ujxBpZxQo0nr22UOfE=
github.com/rkolesnichenko/rpsl/lexer v0.18.0/go.mod h1:CT69LP6IwqlueH0c4Daf+YRsU3Zasr/p6L3HXibqZnU=
github.com/rkolesnichenko/rpsl/resolve v0.18.0 h1:gGOmATdpi1n9pW9SGzOqHgb9+RpFb20sO4k8vUzSVRs=
github.com/rkolesnichenko/rpsl/resolve v0.18.0/go.mod h1:rx4Q3zccbdFXZblwaBMt+EZd0WC7csDuNh2U0x1VZdc=
github.com/rkolesnichenko/rpsl/types v0.18.0 h1:sWrkPT39bh2lBePjXYuLOe17EVaMv6CjncRDOmHGDGY=
github.com/rkolesnichenko/rpsl/types v0.18.0/go.mod h1:4c3Mt/dWh5PeMcvWU/ydQgjVq90QHfL6Lf/g+w3rNSA=
