github.com/rkolesnichenko/rpsl v0.6.2 h1:9aMZQ5gc3P/QYZ2TENQB88VFyeV9cj4xtoGGP3aIyLE=
github.com/rkolesnichenko/rpsl v0.6.2/go.mod h1:aTetcR0VmTad9Q/ehgYkgysmERPcTzviDTQFgwHvm64=
github.com/rkolesnichenko/rpsl/ast v0.6.2 h1:y6z+ChokApsvK0RqCiLTvGBH549ZYWchxFp9InAqgXc=
github.com/rkolesnichenko/rpsl/ast v0.6.2/go.mod h1:dniCpQq5bmWlSAIpZ+Obs2jQCsWR0tK/U+2gj25etbc=
github.com/rkolesnichenko/rpsl/lexer v0.6.2 h1:tJ0dLBBW2TOpxQ3exD71tzsKUcrdJxanrUFVsCqvWgk=
github.com/rkolesnichenko/rpsl/lexer v0.6.2/go.mod h1:CT69LP6IwqlueH0c4Daf+YRsU3Zasr/p6L3HXibqZnU=
github.com/rkolesnichenko/rpsl/types v0.6.2 h1:5o0VDLddtwORKQNg8WP29TvO/Su1Y817mDfcgTpZCrI=
github.com/rkolesnichenko/rpsl/types v0.6.2/go.mod h1:4c3Mt/dWh5PeMcvWU/ydQgjVq90QHfL6Lf/g+w3rNSA=
