github.com/rkolesnichenko/rpsl v0.14.0 h1:J6Hkj5Jt9WK9gF56XaUqGK0gM9vNVRfr8upkRYeII7E=
github.com/rkolesnichenko/rpsl v0.14.0/go.mod h1:FVXSBpsRGm5On1Km1kNl+zfVy1Xao8F1nhoqThNKS14=
github.com/rkolesnichenko/rpsl/ast v0.14.0 h1:2eS5+hUqC++Ozp6ngcgiVLIFCxFGBlt2NHq9y2G1x6w=
github.com/rkolesnichenko/rpsl/ast v0.14.0/go.mod h1:QpBjj5PUrWIhtzN/wITjtv/Yff2l4BZHpV9weEnWs1M=
github.com/rkolesnichenko/rpsl/lexer v0.14.0 h1:bZ6kt3+SS/n8E/8cqZnl2tsb2nksXwjwXgt6bG9gTkY=
github.com/rkolesnichenko/rpsl/lexer v0.14.0/go.mod h1:CT69LP6IwqlueH0c4Daf+YRsU3Zasr/p6L3HXibqZnU=
github.com/rkolesnichenko/rpsl/types v0.14.0 h1:3i6Ea1KWsiH+H70GZoT0YWzJbsitkGOYdM9reOTgzHw=
github.com/rkolesnichenko/rpsl/types v0.14.0/go.mod h1:4c3Mt/dWh5PeMcvWU/ydQgjVq90QHfL6Lf/g+w3rNSA=
