github.com/rkolesnichenko/rpsl v0.9.1 h1:+IMKySiFtsKAKzAsM3N2smM/NKRjDww41FqHKeftObA=
github.com/rkolesnichenko/rpsl v0.9.1/go.mod h1:0ju8W/FPlhTXomF9rPWzZBs8Zv6xfomLFvV74eDdjO0=
github.com/rkolesnichenko/rpsl/ast v0.9.1 h1:x6wqC1qZGV2gONK9WRQlaiuXEqTSFktjGlqkrMPZLdc=
github.com/rkolesnichenko/rpsl/ast v0.9.1/go.mod h1:QVGoduqFnIfk3wsAhmCYcxssq2qJzhTFhI0pzqiAmKA=
github.com/rkolesnichenko/rpsl/lexer v0.9.1 h1:oJv3nO+Ktu4YPPFO+Xt0VjB7KLLR0FVJ4EsyLFDtpk4=
github.com/rkolesnichenko/rpsl/lexer v0.9.1/go.mod h1:CT69LP6IwqlueH0c4Daf+YRsU3Zasr/p6L3HXibqZnU=
github.com/rkolesnichenko/rpsl/types v0.9.1 h1:BuiTsDHjCTQozyNV5GoaVKK4/P+i0jA0xx54/lmi0jo=
github.com/rkolesnichenko/rpsl/types v0.9.1/go.mod h1:4c3Mt/dWh5PeMcvWU/ydQgjVq90QHfL6Lf/g+w3rNSA=
